
Microsoft Visual Studio Solution File, Format Version 12.00
# Visual Studio 2012
Project("{FAE04EC0-301F-11D3-BF4B-00C04F79EFBC}") = "LoggingDecorator", "LoggingDecorator\LoggingDecorator.csproj", "{4DC4B866-A6DC-41D6-889B-FEE38801A4FF}"
EndProject
Global
	GlobalSection(SolutionConfigurationPlatforms) = preSolution
		Debug|Any CPU = Debug|Any CPU
		Release|Any CPU = Release|Any CPU
	EndGlobalSection
	GlobalSection(ProjectConfigurationPlatforms) = postSolution
		{4DC4B866-A6DC-41D6-889B-FEE38801A4FF}.Debug|Any CPU.ActiveCfg = Debug|Any CPU
		{4DC4B866-A6DC-41D6-889B-FEE38801A4FF}.Debug|Any CPU.Build.0 = Debug|Any CPU
		{4DC4B866-A6DC-41D6-889B-FEE38801A4FF}.Release|Any CPU.ActiveCfg = Release|Any CPU
		{4DC4B866-A6DC-41D6-889B-FEE38801A4FF}.Release|Any CPU.Build.0 = Release|Any CPU
	EndGlobalSection
	GlobalSection(SolutionProperties) = preSolution
		HideSolutionNode = FALSE
	EndGlobalSection
EndGlobal
